
Microsoft Visual Studio Solution File, Format Version 12.00
# Visual Studio Version 17
VisualStudioVersion = 17.0.31903.59
MinimumVisualStudioVersion = 10.0.40219.1
Project("{FAE04EC0-301F-11D3-BF4B-00C04F79EFBC}") = "CTilde", "CTilde\CTilde.csproj", "{CAC4599B-9C15-41E4-B43C-CD4AB454361C}"
EndProject
Project("{FAE04EC0-301F-11D3-BF4B-00C04F79EFBC}") = "CTilde.Cli", "CTilde.Cli\CTilde.Cli.csproj", "{CF455F47-4A12-43AD-8810-0DFE53D7189A}"
EndProject
Project("{FAE04EC0-301F-11D3-BF4B-00C04F79EFBC}") = "Test", "Test\Test.csproj", "{121C0936-74FD-45EE-9CC0-F012F010FD6C}"
EndProject
Project("{FAE04EC0-301F-11D3-BF4B-00C04F79EFBC}") = "CTilde.LanguageServer", "CTilde.LanguageServer\CTilde.LanguageServer.csproj", "{D43C18AC-F04D-4B9D-A277-CFA4EEA8130E}"
EndProject
Project("{2150E333-8FDC-42A3-9474-1A3956D46DE8}") = "editors", "editors", "{E9F406B1-543E-FB7D-AC3F-3D9D383E2633}"
EndProject
Project("{2150E333-8FDC-42A3-9474-1A3956D46DE8}") = "visualstudio", "visualstudio", "{31C5EDF5-2C2D-EABF-4AE1-4768FDBC9D7C}"
EndProject
Project("{FAE04EC0-301F-11D3-BF4B-00C04F79EFBC}") = "CTilde.VisualStudio.Core", "editors\visualstudio\CTilde.VisualStudio.Core\CTilde.VisualStudio.Core.csproj", "{854525F7-B4D7-4AB0-B9A5-86EAAB0BA5A9}"
EndProject
Project("{FAE04EC0-301F-11D3-BF4B-00C04F79EFBC}") = "CTilde.VisualStudio", "editors\visualstudio\CTilde.VisualStudio\CTilde.VisualStudio.csproj", "{313EE553-5965-4445-9E22-CA2BCECF72DB}"
EndProject
Project("{FAE04EC0-301F-11D3-BF4B-00C04F79EFBC}") = "CTilde.VisualStudio.Tests", "editors\visualstudio\CTilde.VisualStudio.Tests\CTilde.VisualStudio.Tests.csproj", "{343D3D1E-9D46-47AF-AAF8-191EE25BFD2E}"
EndProject
Project("{2150E333-8FDC-42A3-9474-1A3956D46DE8}") = "C~", "C~", "{2318B840-D439-4B51-A8CA-218F8F3F68C8}"
EndProject
Project("{2150E333-8FDC-42A3-9474-1A3956D46DE8}") = "Examples", "Examples", "{8B1BB7F6-FFB2-43F5-B1D3-FB62FBFD1851}"
EndProject
Project("{2150E333-8FDC-42A3-9474-1A3956D46DE8}") = "T-CAN", "T-CAN", "{4E0784B2-C9B9-4420-889F-14B231242281}"
EndProject
Project("{97222C8D-C7C1-4F63-8C70-0798E354F6F0}") = "C~ Standard Library", "CTilde\StandardLibrary\CTilde.StandardLibrary.ctproj", "{5ECBD606-D417-4C68-B71A-3E586B2175F1}"
EndProject
Project("{97222C8D-C7C1-4F63-8C70-0798E354F6F0}") = "Hello", "examples\Hello\Hello.ctproj", "{73E2D7E3-D653-453F-B784-A684E283ACB8}"
EndProject
Project("{97222C8D-C7C1-4F63-8C70-0798E354F6F0}") = "Exceptions", "examples\Exceptions\Exceptions.ctproj", "{EC4DDD69-63BD-4743-9838-DFCF5D5715D5}"
EndProject
Project("{97222C8D-C7C1-4F63-8C70-0798E354F6F0}") = "Features", "examples\Features\Features.ctproj", "{67085719-11C3-447D-840C-BB3EC360B51D}"
EndProject
Project("{97222C8D-C7C1-4F63-8C70-0798E354F6F0}") = "Inline Assembly (WSL GCC)", "examples\InlineAssemblyWindows\InlineAssemblyWindows.ctproj", "{120F9149-E481-435D-89C2-B5B65C017D43}"
EndProject
Project("{97222C8D-C7C1-4F63-8C70-0798E354F6F0}") = "Object Model", "examples\ObjectModel\ObjectModel.ctproj", "{A163CA1D-81B8-44C6-BB9F-6A1CF87B2976}"
EndProject
Project("{97222C8D-C7C1-4F63-8C70-0798E354F6F0}") = "Cosmopolitan", "examples\Cosmopolitan\Cosmopolitan.ctproj", "{6D4ED961-D495-4980-9C9A-5F03DF587BC5}"
EndProject
Project("{97222C8D-C7C1-4F63-8C70-0798E354F6F0}") = "Freestanding", "examples\Freestanding\Freestanding.ctproj", "{BB065F34-9D17-43D8-9808-710B9ED1DF13}"
EndProject
Project("{97222C8D-C7C1-4F63-8C70-0798E354F6F0}") = "Hosted I/O", "examples\HostedIo\HostedIo.ctproj", "{5AD09E44-8D2B-4CA9-98F5-07CFFDD67BF0}"
EndProject
Project("{97222C8D-C7C1-4F63-8C70-0798E354F6F0}") = "QEMU Freestanding", "examples\QemuFreestanding\QemuFreestanding.ctproj", "{B823EC3A-416A-4676-A5BE-7656B230D59C}"
EndProject
Project("{97222C8D-C7C1-4F63-8C70-0798E354F6F0}") = "Hardware", "examples\TCan485\TCan485.Hardware.ctproj", "{4CD54149-3858-41D8-82BC-D49F144A6B90}"
EndProject
Project("{97222C8D-C7C1-4F63-8C70-0798E354F6F0}") = "QEMU ESP32", "examples\TCan485\TCan485.QemuEsp32.ctproj", "{61011E83-E222-434D-9F4B-175DEAE2F1F3}"
EndProject
Project("{97222C8D-C7C1-4F63-8C70-0798E354F6F0}") = "QEMU ESP32-C3", "examples\TCan485\TCan485.QemuEsp32C3.ctproj", "{6CFF1E49-AC3D-43B9-A008-35A85FC530DB}"
EndProject
Project("{FAE04EC0-301F-11D3-BF4B-00C04F79EFBC}") = "CTilde.DebugAdapter", "CTilde.DebugAdapter\CTilde.DebugAdapter.csproj", "{E6DE1128-85D7-429F-9244-4588307A1054}"
EndProject
Project("{FAE04EC0-301F-11D3-BF4B-00C04F79EFBC}") = "CTilde.DebugAdapter.Tests", "CTilde.DebugAdapter.Tests\CTilde.DebugAdapter.Tests.csproj", "{795E8EEC-2D75-444B-8D27-8A93EF7DC772}"
EndProject
Global
	GlobalSection(SolutionConfigurationPlatforms) = preSolution
		Debug|Any CPU = Debug|Any CPU
		Debug|x64 = Debug|x64
		Debug|x86 = Debug|x86
		Release|Any CPU = Release|Any CPU
		Release|x64 = Release|x64
		Release|x86 = Release|x86
	EndGlobalSection
	GlobalSection(ProjectConfigurationPlatforms) = postSolution
		{CAC4599B-9C15-41E4-B43C-CD4AB454361C}.Debug|Any CPU.ActiveCfg = Debug|Any CPU
		{CAC4599B-9C15-41E4-B43C-CD4AB454361C}.Debug|Any CPU.Build.0 = Debug|Any CPU
		{CAC4599B-9C15-41E4-B43C-CD4AB454361C}.Debug|x64.ActiveCfg = Debug|Any CPU
		{CAC4599B-9C15-41E4-B43C-CD4AB454361C}.Debug|x64.Build.0 = Debug|Any CPU
		{CAC4599B-9C15-41E4-B43C-CD4AB454361C}.Debug|x86.ActiveCfg = Debug|Any CPU
		{CAC4599B-9C15-41E4-B43C-CD4AB454361C}.Debug|x86.Build.0 = Debug|Any CPU
		{CAC4599B-9C15-41E4-B43C-CD4AB454361C}.Release|Any CPU.ActiveCfg = Release|Any CPU
		{CAC4599B-9C15-41E4-B43C-CD4AB454361C}.Release|Any CPU.Build.0 = Release|Any CPU
		{CAC4599B-9C15-41E4-B43C-CD4AB454361C}.Release|x64.ActiveCfg = Release|Any CPU
		{CAC4599B-9C15-41E4-B43C-CD4AB454361C}.Release|x64.Build.0 = Release|Any CPU
		{CAC4599B-9C15-41E4-B43C-CD4AB454361C}.Release|x86.ActiveCfg = Release|Any CPU
		{CAC4599B-9C15-41E4-B43C-CD4AB454361C}.Release|x86.Build.0 = Release|Any CPU
		{CF455F47-4A12-43AD-8810-0DFE53D7189A}.Debug|Any CPU.ActiveCfg = Debug|Any CPU
		{CF455F47-4A12-43AD-8810-0DFE53D7189A}.Debug|Any CPU.Build.0 = Debug|Any CPU
		{CF455F47-4A12-43AD-8810-0DFE53D7189A}.Debug|x64.ActiveCfg = Debug|Any CPU
		{CF455F47-4A12-43AD-8810-0DFE53D7189A}.Debug|x64.Build.0 = Debug|Any CPU
		{CF455F47-4A12-43AD-8810-0DFE53D7189A}.Debug|x86.ActiveCfg = Debug|Any CPU
		{CF455F47-4A12-43AD-8810-0DFE53D7189A}.Debug|x86.Build.0 = Debug|Any CPU
		{CF455F47-4A12-43AD-8810-0DFE53D7189A}.Release|Any CPU.ActiveCfg = Release|Any CPU
		{CF455F47-4A12-43AD-8810-0DFE53D7189A}.Release|Any CPU.Build.0 = Release|Any CPU
		{CF455F47-4A12-43AD-8810-0DFE53D7189A}.Release|x64.ActiveCfg = Release|Any CPU
		{CF455F47-4A12-43AD-8810-0DFE53D7189A}.Release|x64.Build.0 = Release|Any CPU
		{CF455F47-4A12-43AD-8810-0DFE53D7189A}.Release|x86.ActiveCfg = Release|Any CPU
		{CF455F47-4A12-43AD-8810-0DFE53D7189A}.Release|x86.Build.0 = Release|Any CPU
		{121C0936-74FD-45EE-9CC0-F012F010FD6C}.Debug|Any CPU.ActiveCfg = Debug|Any CPU
		{121C0936-74FD-45EE-9CC0-F012F010FD6C}.Debug|Any CPU.Build.0 = Debug|Any CPU
		{121C0936-74FD-45EE-9CC0-F012F010FD6C}.Debug|x64.ActiveCfg = Debug|Any CPU
		{121C0936-74FD-45EE-9CC0-F012F010FD6C}.Debug|x64.Build.0 = Debug|Any CPU
		{121C0936-74FD-45EE-9CC0-F012F010FD6C}.Debug|x86.ActiveCfg = Debug|Any CPU
		{121C0936-74FD-45EE-9CC0-F012F010FD6C}.Debug|x86.Build.0 = Debug|Any CPU
		{121C0936-74FD-45EE-9CC0-F012F010FD6C}.Release|Any CPU.ActiveCfg = Release|Any CPU
		{121C0936-74FD-45EE-9CC0-F012F010FD6C}.Release|Any CPU.Build.0 = Release|Any CPU
		{121C0936-74FD-45EE-9CC0-F012F010FD6C}.Release|x64.ActiveCfg = Release|Any CPU
		{121C0936-74FD-45EE-9CC0-F012F010FD6C}.Release|x64.Build.0 = Release|Any CPU
		{121C0936-74FD-45EE-9CC0-F012F010FD6C}.Release|x86.ActiveCfg = Release|Any CPU
		{121C0936-74FD-45EE-9CC0-F012F010FD6C}.Release|x86.Build.0 = Release|Any CPU
		{D43C18AC-F04D-4B9D-A277-CFA4EEA8130E}.Debug|Any CPU.ActiveCfg = Debug|Any CPU
		{D43C18AC-F04D-4B9D-A277-CFA4EEA8130E}.Debug|Any CPU.Build.0 = Debug|Any CPU
		{D43C18AC-F04D-4B9D-A277-CFA4EEA8130E}.Debug|x64.ActiveCfg = Debug|Any CPU
		{D43C18AC-F04D-4B9D-A277-CFA4EEA8130E}.Debug|x64.Build.0 = Debug|Any CPU
		{D43C18AC-F04D-4B9D-A277-CFA4EEA8130E}.Debug|x86.ActiveCfg = Debug|Any CPU
		{D43C18AC-F04D-4B9D-A277-CFA4EEA8130E}.Debug|x86.Build.0 = Debug|Any CPU
		{D43C18AC-F04D-4B9D-A277-CFA4EEA8130E}.Release|Any CPU.ActiveCfg = Release|Any CPU
		{D43C18AC-F04D-4B9D-A277-CFA4EEA8130E}.Release|Any CPU.Build.0 = Release|Any CPU
		{D43C18AC-F04D-4B9D-A277-CFA4EEA8130E}.Release|x64.ActiveCfg = Release|Any CPU
		{D43C18AC-F04D-4B9D-A277-CFA4EEA8130E}.Release|x64.Build.0 = Release|Any CPU
		{D43C18AC-F04D-4B9D-A277-CFA4EEA8130E}.Release|x86.ActiveCfg = Release|Any CPU
		{D43C18AC-F04D-4B9D-A277-CFA4EEA8130E}.Release|x86.Build.0 = Release|Any CPU
		{854525F7-B4D7-4AB0-B9A5-86EAAB0BA5A9}.Debug|Any CPU.ActiveCfg = Debug|Any CPU
		{854525F7-B4D7-4AB0-B9A5-86EAAB0BA5A9}.Debug|Any CPU.Build.0 = Debug|Any CPU
		{854525F7-B4D7-4AB0-B9A5-86EAAB0BA5A9}.Debug|x64.ActiveCfg = Debug|Any CPU
		{854525F7-B4D7-4AB0-B9A5-86EAAB0BA5A9}.Debug|x64.Build.0 = Debug|Any CPU
		{854525F7-B4D7-4AB0-B9A5-86EAAB0BA5A9}.Debug|x86.ActiveCfg = Debug|Any CPU
		{854525F7-B4D7-4AB0-B9A5-86EAAB0BA5A9}.Debug|x86.Build.0 = Debug|Any CPU
		{854525F7-B4D7-4AB0-B9A5-86EAAB0BA5A9}.Release|Any CPU.ActiveCfg = Release|Any CPU
		{854525F7-B4D7-4AB0-B9A5-86EAAB0BA5A9}.Release|Any CPU.Build.0 = Release|Any CPU
		{854525F7-B4D7-4AB0-B9A5-86EAAB0BA5A9}.Release|x64.ActiveCfg = Release|Any CPU
		{854525F7-B4D7-4AB0-B9A5-86EAAB0BA5A9}.Release|x64.Build.0 = Release|Any CPU
		{854525F7-B4D7-4AB0-B9A5-86EAAB0BA5A9}.Release|x86.ActiveCfg = Release|Any CPU
		{854525F7-B4D7-4AB0-B9A5-86EAAB0BA5A9}.Release|x86.Build.0 = Release|Any CPU
		{313EE553-5965-4445-9E22-CA2BCECF72DB}.Debug|Any CPU.ActiveCfg = Debug|Any CPU
		{313EE553-5965-4445-9E22-CA2BCECF72DB}.Debug|Any CPU.Build.0 = Debug|Any CPU
		{313EE553-5965-4445-9E22-CA2BCECF72DB}.Debug|x64.ActiveCfg = Debug|Any CPU
		{313EE553-5965-4445-9E22-CA2BCECF72DB}.Debug|x64.Build.0 = Debug|Any CPU
		{313EE553-5965-4445-9E22-CA2BCECF72DB}.Debug|x86.ActiveCfg = Debug|Any CPU
		{313EE553-5965-4445-9E22-CA2BCECF72DB}.Debug|x86.Build.0 = Debug|Any CPU
		{313EE553-5965-4445-9E22-CA2BCECF72DB}.Release|Any CPU.ActiveCfg = Release|Any CPU
		{313EE553-5965-4445-9E22-CA2BCECF72DB}.Release|Any CPU.Build.0 = Release|Any CPU
		{313EE553-5965-4445-9E22-CA2BCECF72DB}.Release|x64.ActiveCfg = Release|Any CPU
		{313EE553-5965-4445-9E22-CA2BCECF72DB}.Release|x64.Build.0 = Release|Any CPU
		{313EE553-5965-4445-9E22-CA2BCECF72DB}.Release|x86.ActiveCfg = Release|Any CPU
		{313EE553-5965-4445-9E22-CA2BCECF72DB}.Release|x86.Build.0 = Release|Any CPU
		{343D3D1E-9D46-47AF-AAF8-191EE25BFD2E}.Debug|Any CPU.ActiveCfg = Debug|Any CPU
		{343D3D1E-9D46-47AF-AAF8-191EE25BFD2E}.Debug|Any CPU.Build.0 = Debug|Any CPU
		{343D3D1E-9D46-47AF-AAF8-191EE25BFD2E}.Debug|x64.ActiveCfg = Debug|Any CPU
		{343D3D1E-9D46-47AF-AAF8-191EE25BFD2E}.Debug|x64.Build.0 = Debug|Any CPU
		{343D3D1E-9D46-47AF-AAF8-191EE25BFD2E}.Debug|x86.ActiveCfg = Debug|Any CPU
		{343D3D1E-9D46-47AF-AAF8-191EE25BFD2E}.Debug|x86.Build.0 = Debug|Any CPU
		{343D3D1E-9D46-47AF-AAF8-191EE25BFD2E}.Release|Any CPU.ActiveCfg = Release|Any CPU
		{343D3D1E-9D46-47AF-AAF8-191EE25BFD2E}.Release|Any CPU.Build.0 = Release|Any CPU
		{343D3D1E-9D46-47AF-AAF8-191EE25BFD2E}.Release|x64.ActiveCfg = Release|Any CPU
		{343D3D1E-9D46-47AF-AAF8-191EE25BFD2E}.Release|x64.Build.0 = Release|Any CPU
		{343D3D1E-9D46-47AF-AAF8-191EE25BFD2E}.Release|x86.ActiveCfg = Release|Any CPU
		{343D3D1E-9D46-47AF-AAF8-191EE25BFD2E}.Release|x86.Build.0 = Release|Any CPU
		{5ECBD606-D417-4C68-B71A-3E586B2175F1}.Debug|Any CPU.ActiveCfg = Debug|Any CPU
		{5ECBD606-D417-4C68-B71A-3E586B2175F1}.Debug|x64.ActiveCfg = Debug|Any CPU
		{5ECBD606-D417-4C68-B71A-3E586B2175F1}.Debug|x86.ActiveCfg = Debug|Any CPU
		{5ECBD606-D417-4C68-B71A-3E586B2175F1}.Release|Any CPU.ActiveCfg = Release|Any CPU
		{5ECBD606-D417-4C68-B71A-3E586B2175F1}.Release|x64.ActiveCfg = Release|Any CPU
		{5ECBD606-D417-4C68-B71A-3E586B2175F1}.Release|x86.ActiveCfg = Release|Any CPU
		{73E2D7E3-D653-453F-B784-A684E283ACB8}.Debug|Any CPU.ActiveCfg = Debug|Any CPU
		{73E2D7E3-D653-453F-B784-A684E283ACB8}.Debug|x64.ActiveCfg = Debug|Any CPU
		{73E2D7E3-D653-453F-B784-A684E283ACB8}.Debug|x86.ActiveCfg = Debug|Any CPU
		{73E2D7E3-D653-453F-B784-A684E283ACB8}.Release|Any CPU.ActiveCfg = Release|Any CPU
		{73E2D7E3-D653-453F-B784-A684E283ACB8}.Release|x64.ActiveCfg = Release|Any CPU
		{73E2D7E3-D653-453F-B784-A684E283ACB8}.Release|x86.ActiveCfg = Release|Any CPU
		{EC4DDD69-63BD-4743-9838-DFCF5D5715D5}.Debug|Any CPU.ActiveCfg = Debug|Any CPU
		{EC4DDD69-63BD-4743-9838-DFCF5D5715D5}.Debug|x64.ActiveCfg = Debug|Any CPU
		{EC4DDD69-63BD-4743-9838-DFCF5D5715D5}.Debug|x86.ActiveCfg = Debug|Any CPU
		{EC4DDD69-63BD-4743-9838-DFCF5D5715D5}.Release|Any CPU.ActiveCfg = Release|Any CPU
		{EC4DDD69-63BD-4743-9838-DFCF5D5715D5}.Release|x64.ActiveCfg = Release|Any CPU
		{EC4DDD69-63BD-4743-9838-DFCF5D5715D5}.Release|x86.ActiveCfg = Release|Any CPU
		{67085719-11C3-447D-840C-BB3EC360B51D}.Debug|Any CPU.ActiveCfg = Debug|Any CPU
		{67085719-11C3-447D-840C-BB3EC360B51D}.Debug|x64.ActiveCfg = Debug|Any CPU
		{67085719-11C3-447D-840C-BB3EC360B51D}.Debug|x86.ActiveCfg = Debug|Any CPU
		{67085719-11C3-447D-840C-BB3EC360B51D}.Release|Any CPU.ActiveCfg = Release|Any CPU
		{67085719-11C3-447D-840C-BB3EC360B51D}.Release|x64.ActiveCfg = Release|Any CPU
		{67085719-11C3-447D-840C-BB3EC360B51D}.Release|x86.ActiveCfg = Release|Any CPU
		{120F9149-E481-435D-89C2-B5B65C017D43}.Debug|Any CPU.ActiveCfg = Debug|Any CPU
		{120F9149-E481-435D-89C2-B5B65C017D43}.Debug|x64.ActiveCfg = Debug|Any CPU
		{120F9149-E481-435D-89C2-B5B65C017D43}.Debug|x86.ActiveCfg = Debug|Any CPU
		{120F9149-E481-435D-89C2-B5B65C017D43}.Release|Any CPU.ActiveCfg = Release|Any CPU
		{120F9149-E481-435D-89C2-B5B65C017D43}.Release|x64.ActiveCfg = Release|Any CPU
		{120F9149-E481-435D-89C2-B5B65C017D43}.Release|x86.ActiveCfg = Release|Any CPU
		{A163CA1D-81B8-44C6-BB9F-6A1CF87B2976}.Debug|Any CPU.ActiveCfg = Debug|Any CPU
		{A163CA1D-81B8-44C6-BB9F-6A1CF87B2976}.Debug|x64.ActiveCfg = Debug|Any CPU
		{A163CA1D-81B8-44C6-BB9F-6A1CF87B2976}.Debug|x86.ActiveCfg = Debug|Any CPU
		{A163CA1D-81B8-44C6-BB9F-6A1CF87B2976}.Release|Any CPU.ActiveCfg = Release|Any CPU
		{A163CA1D-81B8-44C6-BB9F-6A1CF87B2976}.Release|x64.ActiveCfg = Release|Any CPU
		{A163CA1D-81B8-44C6-BB9F-6A1CF87B2976}.Release|x86.ActiveCfg = Release|Any CPU
		{6D4ED961-D495-4980-9C9A-5F03DF587BC5}.Debug|Any CPU.ActiveCfg = Debug|Any CPU
		{6D4ED961-D495-4980-9C9A-5F03DF587BC5}.Debug|x64.ActiveCfg = Debug|Any CPU
		{6D4ED961-D495-4980-9C9A-5F03DF587BC5}.Debug|x86.ActiveCfg = Debug|Any CPU
		{6D4ED961-D495-4980-9C9A-5F03DF587BC5}.Release|Any CPU.ActiveCfg = Release|Any CPU
		{6D4ED961-D495-4980-9C9A-5F03DF587BC5}.Release|x64.ActiveCfg = Release|Any CPU
		{6D4ED961-D495-4980-9C9A-5F03DF587BC5}.Release|x86.ActiveCfg = Release|Any CPU
		{BB065F34-9D17-43D8-9808-710B9ED1DF13}.Debug|Any CPU.ActiveCfg = Debug|Any CPU
		{BB065F34-9D17-43D8-9808-710B9ED1DF13}.Debug|x64.ActiveCfg = Debug|Any CPU
		{BB065F34-9D17-43D8-9808-710B9ED1DF13}.Debug|x86.ActiveCfg = Debug|Any CPU
		{BB065F34-9D17-43D8-9808-710B9ED1DF13}.Release|Any CPU.ActiveCfg = Release|Any CPU
		{BB065F34-9D17-43D8-9808-710B9ED1DF13}.Release|x64.ActiveCfg = Release|Any CPU
		{BB065F34-9D17-43D8-9808-710B9ED1DF13}.Release|x86.ActiveCfg = Release|Any CPU
		{5AD09E44-8D2B-4CA9-98F5-07CFFDD67BF0}.Debug|Any CPU.ActiveCfg = Debug|Any CPU
		{5AD09E44-8D2B-4CA9-98F5-07CFFDD67BF0}.Debug|x64.ActiveCfg = Debug|Any CPU
		{5AD09E44-8D2B-4CA9-98F5-07CFFDD67BF0}.Debug|x86.ActiveCfg = Debug|Any CPU
		{5AD09E44-8D2B-4CA9-98F5-07CFFDD67BF0}.Release|Any CPU.ActiveCfg = Release|Any CPU
		{5AD09E44-8D2B-4CA9-98F5-07CFFDD67BF0}.Release|x64.ActiveCfg = Release|Any CPU
		{5AD09E44-8D2B-4CA9-98F5-07CFFDD67BF0}.Release|x86.ActiveCfg = Release|Any CPU
		{B823EC3A-416A-4676-A5BE-7656B230D59C}.Debug|Any CPU.ActiveCfg = Debug|Any CPU
		{B823EC3A-416A-4676-A5BE-7656B230D59C}.Debug|x64.ActiveCfg = Debug|Any CPU
		{B823EC3A-416A-4676-A5BE-7656B230D59C}.Debug|x86.ActiveCfg = Debug|Any CPU
		{B823EC3A-416A-4676-A5BE-7656B230D59C}.Release|Any CPU.ActiveCfg = Release|Any CPU
		{B823EC3A-416A-4676-A5BE-7656B230D59C}.Release|x64.ActiveCfg = Release|Any CPU
		{B823EC3A-416A-4676-A5BE-7656B230D59C}.Release|x86.ActiveCfg = Release|Any CPU
		{4CD54149-3858-41D8-82BC-D49F144A6B90}.Debug|Any CPU.ActiveCfg = Debug|Any CPU
		{4CD54149-3858-41D8-82BC-D49F144A6B90}.Debug|x64.ActiveCfg = Debug|Any CPU
		{4CD54149-3858-41D8-82BC-D49F144A6B90}.Debug|x86.ActiveCfg = Debug|Any CPU
		{4CD54149-3858-41D8-82BC-D49F144A6B90}.Release|Any CPU.ActiveCfg = Release|Any CPU
		{4CD54149-3858-41D8-82BC-D49F144A6B90}.Release|x64.ActiveCfg = Release|Any CPU
		{4CD54149-3858-41D8-82BC-D49F144A6B90}.Release|x86.ActiveCfg = Release|Any CPU
		{61011E83-E222-434D-9F4B-175DEAE2F1F3}.Debug|Any CPU.ActiveCfg = Debug|Any CPU
		{61011E83-E222-434D-9F4B-175DEAE2F1F3}.Debug|x64.ActiveCfg = Debug|Any CPU
		{61011E83-E222-434D-9F4B-175DEAE2F1F3}.Debug|x86.ActiveCfg = Debug|Any CPU
		{61011E83-E222-434D-9F4B-175DEAE2F1F3}.Release|Any CPU.ActiveCfg = Release|Any CPU
		{61011E83-E222-434D-9F4B-175DEAE2F1F3}.Release|x64.ActiveCfg = Release|Any CPU
		{61011E83-E222-434D-9F4B-175DEAE2F1F3}.Release|x86.ActiveCfg = Release|Any CPU
		{6CFF1E49-AC3D-43B9-A008-35A85FC530DB}.Debug|Any CPU.ActiveCfg = Debug|Any CPU
		{6CFF1E49-AC3D-43B9-A008-35A85FC530DB}.Debug|x64.ActiveCfg = Debug|Any CPU
		{6CFF1E49-AC3D-43B9-A008-35A85FC530DB}.Debug|x86.ActiveCfg = Debug|Any CPU
		{6CFF1E49-AC3D-43B9-A008-35A85FC530DB}.Release|Any CPU.ActiveCfg = Release|Any CPU
		{6CFF1E49-AC3D-43B9-A008-35A85FC530DB}.Release|x64.ActiveCfg = Release|Any CPU
		{6CFF1E49-AC3D-43B9-A008-35A85FC530DB}.Release|x86.ActiveCfg = Release|Any CPU
		{E6DE1128-85D7-429F-9244-4588307A1054}.Debug|Any CPU.ActiveCfg = Debug|Any CPU
		{E6DE1128-85D7-429F-9244-4588307A1054}.Debug|Any CPU.Build.0 = Debug|Any CPU
		{E6DE1128-85D7-429F-9244-4588307A1054}.Debug|x64.ActiveCfg = Debug|Any CPU
		{E6DE1128-85D7-429F-9244-4588307A1054}.Debug|x64.Build.0 = Debug|Any CPU
		{E6DE1128-85D7-429F-9244-4588307A1054}.Debug|x86.ActiveCfg = Debug|Any CPU
		{E6DE1128-85D7-429F-9244-4588307A1054}.Debug|x86.Build.0 = Debug|Any CPU
		{E6DE1128-85D7-429F-9244-4588307A1054}.Release|Any CPU.ActiveCfg = Release|Any CPU
		{E6DE1128-85D7-429F-9244-4588307A1054}.Release|Any CPU.Build.0 = Release|Any CPU
		{E6DE1128-85D7-429F-9244-4588307A1054}.Release|x64.ActiveCfg = Release|Any CPU
		{E6DE1128-85D7-429F-9244-4588307A1054}.Release|x64.Build.0 = Release|Any CPU
		{E6DE1128-85D7-429F-9244-4588307A1054}.Release|x86.ActiveCfg = Release|Any CPU
		{E6DE1128-85D7-429F-9244-4588307A1054}.Release|x86.Build.0 = Release|Any CPU
		{795E8EEC-2D75-444B-8D27-8A93EF7DC772}.Debug|Any CPU.ActiveCfg = Debug|Any CPU
		{795E8EEC-2D75-444B-8D27-8A93EF7DC772}.Debug|Any CPU.Build.0 = Debug|Any CPU
		{795E8EEC-2D75-444B-8D27-8A93EF7DC772}.Debug|x64.ActiveCfg = Debug|Any CPU
		{795E8EEC-2D75-444B-8D27-8A93EF7DC772}.Debug|x64.Build.0 = Debug|Any CPU
		{795E8EEC-2D75-444B-8D27-8A93EF7DC772}.Debug|x86.ActiveCfg = Debug|Any CPU
		{795E8EEC-2D75-444B-8D27-8A93EF7DC772}.Debug|x86.Build.0 = Debug|Any CPU
		{795E8EEC-2D75-444B-8D27-8A93EF7DC772}.Release|Any CPU.ActiveCfg = Release|Any CPU
		{795E8EEC-2D75-444B-8D27-8A93EF7DC772}.Release|Any CPU.Build.0 = Release|Any CPU
		{795E8EEC-2D75-444B-8D27-8A93EF7DC772}.Release|x64.ActiveCfg = Release|Any CPU
		{795E8EEC-2D75-444B-8D27-8A93EF7DC772}.Release|x64.Build.0 = Release|Any CPU
		{795E8EEC-2D75-444B-8D27-8A93EF7DC772}.Release|x86.ActiveCfg = Release|Any CPU
		{795E8EEC-2D75-444B-8D27-8A93EF7DC772}.Release|x86.Build.0 = Release|Any CPU
	EndGlobalSection
	GlobalSection(SolutionProperties) = preSolution
		HideSolutionNode = FALSE
	EndGlobalSection
	GlobalSection(NestedProjects) = preSolution
		{31C5EDF5-2C2D-EABF-4AE1-4768FDBC9D7C} = {E9F406B1-543E-FB7D-AC3F-3D9D383E2633}
		{854525F7-B4D7-4AB0-B9A5-86EAAB0BA5A9} = {31C5EDF5-2C2D-EABF-4AE1-4768FDBC9D7C}
		{313EE553-5965-4445-9E22-CA2BCECF72DB} = {31C5EDF5-2C2D-EABF-4AE1-4768FDBC9D7C}
		{343D3D1E-9D46-47AF-AAF8-191EE25BFD2E} = {31C5EDF5-2C2D-EABF-4AE1-4768FDBC9D7C}
		{8B1BB7F6-FFB2-43F5-B1D3-FB62FBFD1851} = {2318B840-D439-4B51-A8CA-218F8F3F68C8}
		{4E0784B2-C9B9-4420-889F-14B231242281} = {8B1BB7F6-FFB2-43F5-B1D3-FB62FBFD1851}
		{5ECBD606-D417-4C68-B71A-3E586B2175F1} = {2318B840-D439-4B51-A8CA-218F8F3F68C8}
		{73E2D7E3-D653-453F-B784-A684E283ACB8} = {8B1BB7F6-FFB2-43F5-B1D3-FB62FBFD1851}
		{EC4DDD69-63BD-4743-9838-DFCF5D5715D5} = {8B1BB7F6-FFB2-43F5-B1D3-FB62FBFD1851}
		{67085719-11C3-447D-840C-BB3EC360B51D} = {8B1BB7F6-FFB2-43F5-B1D3-FB62FBFD1851}
		{120F9149-E481-435D-89C2-B5B65C017D43} = {8B1BB7F6-FFB2-43F5-B1D3-FB62FBFD1851}
		{A163CA1D-81B8-44C6-BB9F-6A1CF87B2976} = {8B1BB7F6-FFB2-43F5-B1D3-FB62FBFD1851}
		{6D4ED961-D495-4980-9C9A-5F03DF587BC5} = {8B1BB7F6-FFB2-43F5-B1D3-FB62FBFD1851}
		{BB065F34-9D17-43D8-9808-710B9ED1DF13} = {8B1BB7F6-FFB2-43F5-B1D3-FB62FBFD1851}
		{5AD09E44-8D2B-4CA9-98F5-07CFFDD67BF0} = {8B1BB7F6-FFB2-43F5-B1D3-FB62FBFD1851}
		{B823EC3A-416A-4676-A5BE-7656B230D59C} = {8B1BB7F6-FFB2-43F5-B1D3-FB62FBFD1851}
		{4CD54149-3858-41D8-82BC-D49F144A6B90} = {4E0784B2-C9B9-4420-889F-14B231242281}
		{61011E83-E222-434D-9F4B-175DEAE2F1F3} = {4E0784B2-C9B9-4420-889F-14B231242281}
		{6CFF1E49-AC3D-43B9-A008-35A85FC530DB} = {4E0784B2-C9B9-4420-889F-14B231242281}
	EndGlobalSection
EndGlobal
