
Microsoft Visual Studio Solution File, Format Version 12.00
# Visual Studio 14
VisualStudioVersion = 14.0.24720.0
MinimumVisualStudioVersion = 10.0.40219.1
Project("{FAE04EC0-301F-11D3-BF4B-00C04F79EFBC}") = "CTilde", "CTilde\CTilde.csproj", "{CAC4599B-9C15-41E4-B43C-CD4AB454361C}"
EndProject
Project("{FAE04EC0-301F-11D3-BF4B-00C04F79EFBC}") = "Test", "Test\Test.csproj", "{121C0936-74FD-45EE-9CC0-F012F010FD6C}"
EndProject
Global
	GlobalSection(SolutionConfigurationPlatforms) = preSolution
		Debug|Any CPU = Debug|Any CPU
		Release|Any CPU = Release|Any CPU
	EndGlobalSection
	GlobalSection(ProjectConfigurationPlatforms) = postSolution
		{CAC4599B-9C15-41E4-B43C-CD4AB454361C}.Debug|Any CPU.ActiveCfg = Debug|Any CPU
		{CAC4599B-9C15-41E4-B43C-CD4AB454361C}.Debug|Any CPU.Build.0 = Debug|Any CPU
		{CAC4599B-9C15-41E4-B43C-CD4AB454361C}.Release|Any CPU.ActiveCfg = Release|Any CPU
		{CAC4599B-9C15-41E4-B43C-CD4AB454361C}.Release|Any CPU.Build.0 = Release|Any CPU
		{121C0936-74FD-45EE-9CC0-F012F010FD6C}.Debug|Any CPU.ActiveCfg = Debug|Any CPU
		{121C0936-74FD-45EE-9CC0-F012F010FD6C}.Debug|Any CPU.Build.0 = Debug|Any CPU
		{121C0936-74FD-45EE-9CC0-F012F010FD6C}.Release|Any CPU.ActiveCfg = Release|Any CPU
		{121C0936-74FD-45EE-9CC0-F012F010FD6C}.Release|Any CPU.Build.0 = Release|Any CPU
	EndGlobalSection
	GlobalSection(SolutionProperties) = preSolution
		HideSolutionNode = FALSE
	EndGlobalSection
EndGlobal
