Microsoft Visual Studio Solution File, Format Version 12.00
# Visual Studio Version 17
VisualStudioVersion = 17.0.31903.59
MinimumVisualStudioVersion = 10.0.40219.1
Project("{FAE04EC0-301F-11D3-BF4B-00C04F79EFBC}") = "CTilde", "CTilde\CTilde.csproj", "{CAC4599B-9C15-41E4-B43C-CD4AB454361C}"
EndProject
Project("{FAE04EC0-301F-11D3-BF4B-00C04F79EFBC}") = "CTilde.Cli", "CTilde.Cli\CTilde.Cli.csproj", "{CF455F47-4A12-43AD-8810-0DFE53D7189A}"
EndProject
Project("{FAE04EC0-301F-11D3-BF4B-00C04F79EFBC}") = "Test", "Test\Test.csproj", "{121C0936-74FD-45EE-9CC0-F012F010FD6C}"
EndProject
Project("{FAE04EC0-301F-11D3-BF4B-00C04F79EFBC}") = "CTilde.LanguageServer", "CTilde.LanguageServer\CTilde.LanguageServer.csproj", "{D43C18AC-F04D-4B9D-A277-CFA4EEA8130E}"
EndProject
Project("{FAE04EC0-301F-11D3-BF4B-00C04F79EFBC}") = "CTilde.DebugAdapter", "CTilde.DebugAdapter\CTilde.DebugAdapter.csproj", "{E6DE1128-85D7-429F-9244-4588307A1054}"
EndProject
Project("{FAE04EC0-301F-11D3-BF4B-00C04F79EFBC}") = "CTilde.DebugAdapter.Tests", "CTilde.DebugAdapter.Tests\CTilde.DebugAdapter.Tests.csproj", "{795E8EEC-2D75-444B-8D27-8A93EF7DC772}"
EndProject
Global
	GlobalSection(SolutionConfigurationPlatforms) = preSolution
		Debug|Any CPU = Debug|Any CPU
		Debug|x64 = Debug|x64
		Debug|x86 = Debug|x86
		Release|Any CPU = Release|Any CPU
		Release|x64 = Release|x64
		Release|x86 = Release|x86
	EndGlobalSection
	GlobalSection(ProjectConfigurationPlatforms) = postSolution
		{CAC4599B-9C15-41E4-B43C-CD4AB454361C}.Debug|Any CPU.ActiveCfg = Debug|Any CPU
		{CAC4599B-9C15-41E4-B43C-CD4AB454361C}.Debug|Any CPU.Build.0 = Debug|Any CPU
		{CAC4599B-9C15-41E4-B43C-CD4AB454361C}.Debug|x64.ActiveCfg = Debug|Any CPU
		{CAC4599B-9C15-41E4-B43C-CD4AB454361C}.Debug|x64.Build.0 = Debug|Any CPU
		{CAC4599B-9C15-41E4-B43C-CD4AB454361C}.Debug|x86.ActiveCfg = Debug|Any CPU
		{CAC4599B-9C15-41E4-B43C-CD4AB454361C}.Debug|x86.Build.0 = Debug|Any CPU
		{CAC4599B-9C15-41E4-B43C-CD4AB454361C}.Release|Any CPU.ActiveCfg = Release|Any CPU
		{CAC4599B-9C15-41E4-B43C-CD4AB454361C}.Release|Any CPU.Build.0 = Release|Any CPU
		{CAC4599B-9C15-41E4-B43C-CD4AB454361C}.Release|x64.ActiveCfg = Release|Any CPU
		{CAC4599B-9C15-41E4-B43C-CD4AB454361C}.Release|x64.Build.0 = Release|Any CPU
		{CAC4599B-9C15-41E4-B43C-CD4AB454361C}.Release|x86.ActiveCfg = Release|Any CPU
		{CAC4599B-9C15-41E4-B43C-CD4AB454361C}.Release|x86.Build.0 = Release|Any CPU
		{CF455F47-4A12-43AD-8810-0DFE53D7189A}.Debug|Any CPU.ActiveCfg = Debug|Any CPU
		{CF455F47-4A12-43AD-8810-0DFE53D7189A}.Debug|Any CPU.Build.0 = Debug|Any CPU
		{CF455F47-4A12-43AD-8810-0DFE53D7189A}.Debug|x64.ActiveCfg = Debug|Any CPU
		{CF455F47-4A12-43AD-8810-0DFE53D7189A}.Debug|x64.Build.0 = Debug|Any CPU
		{CF455F47-4A12-43AD-8810-0DFE53D7189A}.Debug|x86.ActiveCfg = Debug|Any CPU
		{CF455F47-4A12-43AD-8810-0DFE53D7189A}.Debug|x86.Build.0 = Debug|Any CPU
		{CF455F47-4A12-43AD-8810-0DFE53D7189A}.Release|Any CPU.ActiveCfg = Release|Any CPU
		{CF455F47-4A12-43AD-8810-0DFE53D7189A}.Release|Any CPU.Build.0 = Release|Any CPU
		{CF455F47-4A12-43AD-8810-0DFE53D7189A}.Release|x64.ActiveCfg = Release|Any CPU
		{CF455F47-4A12-43AD-8810-0DFE53D7189A}.Release|x64.Build.0 = Release|Any CPU
		{CF455F47-4A12-43AD-8810-0DFE53D7189A}.Release|x86.ActiveCfg = Release|Any CPU
		{CF455F47-4A12-43AD-8810-0DFE53D7189A}.Release|x86.Build.0 = Release|Any CPU
		{121C0936-74FD-45EE-9CC0-F012F010FD6C}.Debug|Any CPU.ActiveCfg = Debug|Any CPU
		{121C0936-74FD-45EE-9CC0-F012F010FD6C}.Debug|Any CPU.Build.0 = Debug|Any CPU
		{121C0936-74FD-45EE-9CC0-F012F010FD6C}.Debug|x64.ActiveCfg = Debug|Any CPU
		{121C0936-74FD-45EE-9CC0-F012F010FD6C}.Debug|x64.Build.0 = Debug|Any CPU
		{121C0936-74FD-45EE-9CC0-F012F010FD6C}.Debug|x86.ActiveCfg = Debug|Any CPU
		{121C0936-74FD-45EE-9CC0-F012F010FD6C}.Debug|x86.Build.0 = Debug|Any CPU
		{121C0936-74FD-45EE-9CC0-F012F010FD6C}.Release|Any CPU.ActiveCfg = Release|Any CPU
		{121C0936-74FD-45EE-9CC0-F012F010FD6C}.Release|Any CPU.Build.0 = Release|Any CPU
		{121C0936-74FD-45EE-9CC0-F012F010FD6C}.Release|x64.ActiveCfg = Release|Any CPU
		{121C0936-74FD-45EE-9CC0-F012F010FD6C}.Release|x64.Build.0 = Release|Any CPU
		{121C0936-74FD-45EE-9CC0-F012F010FD6C}.Release|x86.ActiveCfg = Release|Any CPU
		{121C0936-74FD-45EE-9CC0-F012F010FD6C}.Release|x86.Build.0 = Release|Any CPU
		{D43C18AC-F04D-4B9D-A277-CFA4EEA8130E}.Debug|Any CPU.ActiveCfg = Debug|Any CPU
		{D43C18AC-F04D-4B9D-A277-CFA4EEA8130E}.Debug|Any CPU.Build.0 = Debug|Any CPU
		{D43C18AC-F04D-4B9D-A277-CFA4EEA8130E}.Debug|x64.ActiveCfg = Debug|Any CPU
		{D43C18AC-F04D-4B9D-A277-CFA4EEA8130E}.Debug|x64.Build.0 = Debug|Any CPU
		{D43C18AC-F04D-4B9D-A277-CFA4EEA8130E}.Debug|x86.ActiveCfg = Debug|Any CPU
		{D43C18AC-F04D-4B9D-A277-CFA4EEA8130E}.Debug|x86.Build.0 = Debug|Any CPU
		{D43C18AC-F04D-4B9D-A277-CFA4EEA8130E}.Release|Any CPU.ActiveCfg = Release|Any CPU
		{D43C18AC-F04D-4B9D-A277-CFA4EEA8130E}.Release|Any CPU.Build.0 = Release|Any CPU
		{D43C18AC-F04D-4B9D-A277-CFA4EEA8130E}.Release|x64.ActiveCfg = Release|Any CPU
		{D43C18AC-F04D-4B9D-A277-CFA4EEA8130E}.Release|x64.Build.0 = Release|Any CPU
		{D43C18AC-F04D-4B9D-A277-CFA4EEA8130E}.Release|x86.ActiveCfg = Release|Any CPU
		{D43C18AC-F04D-4B9D-A277-CFA4EEA8130E}.Release|x86.Build.0 = Release|Any CPU
		{E6DE1128-85D7-429F-9244-4588307A1054}.Debug|Any CPU.ActiveCfg = Debug|Any CPU
		{E6DE1128-85D7-429F-9244-4588307A1054}.Debug|Any CPU.Build.0 = Debug|Any CPU
		{E6DE1128-85D7-429F-9244-4588307A1054}.Debug|x64.ActiveCfg = Debug|Any CPU
		{E6DE1128-85D7-429F-9244-4588307A1054}.Debug|x64.Build.0 = Debug|Any CPU
		{E6DE1128-85D7-429F-9244-4588307A1054}.Debug|x86.ActiveCfg = Debug|Any CPU
		{E6DE1128-85D7-429F-9244-4588307A1054}.Debug|x86.Build.0 = Debug|Any CPU
		{E6DE1128-85D7-429F-9244-4588307A1054}.Release|Any CPU.ActiveCfg = Release|Any CPU
		{E6DE1128-85D7-429F-9244-4588307A1054}.Release|Any CPU.Build.0 = Release|Any CPU
		{E6DE1128-85D7-429F-9244-4588307A1054}.Release|x64.ActiveCfg = Release|Any CPU
		{E6DE1128-85D7-429F-9244-4588307A1054}.Release|x64.Build.0 = Release|Any CPU
		{E6DE1128-85D7-429F-9244-4588307A1054}.Release|x86.ActiveCfg = Release|Any CPU
		{E6DE1128-85D7-429F-9244-4588307A1054}.Release|x86.Build.0 = Release|Any CPU
		{795E8EEC-2D75-444B-8D27-8A93EF7DC772}.Debug|Any CPU.ActiveCfg = Debug|Any CPU
		{795E8EEC-2D75-444B-8D27-8A93EF7DC772}.Debug|Any CPU.Build.0 = Debug|Any CPU
		{795E8EEC-2D75-444B-8D27-8A93EF7DC772}.Debug|x64.ActiveCfg = Debug|Any CPU
		{795E8EEC-2D75-444B-8D27-8A93EF7DC772}.Debug|x64.Build.0 = Debug|Any CPU
		{795E8EEC-2D75-444B-8D27-8A93EF7DC772}.Debug|x86.ActiveCfg = Debug|Any CPU
		{795E8EEC-2D75-444B-8D27-8A93EF7DC772}.Debug|x86.Build.0 = Debug|Any CPU
		{795E8EEC-2D75-444B-8D27-8A93EF7DC772}.Release|Any CPU.ActiveCfg = Release|Any CPU
		{795E8EEC-2D75-444B-8D27-8A93EF7DC772}.Release|Any CPU.Build.0 = Release|Any CPU
		{795E8EEC-2D75-444B-8D27-8A93EF7DC772}.Release|x64.ActiveCfg = Release|Any CPU
		{795E8EEC-2D75-444B-8D27-8A93EF7DC772}.Release|x64.Build.0 = Release|Any CPU
		{795E8EEC-2D75-444B-8D27-8A93EF7DC772}.Release|x86.ActiveCfg = Release|Any CPU
		{795E8EEC-2D75-444B-8D27-8A93EF7DC772}.Release|x86.Build.0 = Release|Any CPU
	EndGlobalSection
	GlobalSection(SolutionProperties) = preSolution
		HideSolutionNode = FALSE
	EndGlobalSection
EndGlobal
