Microsoft Visual Studio Solution File, Format Version 12.00
# Visual Studio Version 17
VisualStudioVersion = 17.0.31903.59
MinimumVisualStudioVersion = 10.0.40219.1
Project("{FAE04EC0-301F-11D3-BF4B-00C04F79EFBC}") = "CTilde.VisualStudio.Core", "editors\visualstudio\CTilde.VisualStudio.Core\CTilde.VisualStudio.Core.csproj", "{854525F7-B4D7-4AB0-B9A5-86EAAB0BA5A9}"
EndProject
Project("{FAE04EC0-301F-11D3-BF4B-00C04F79EFBC}") = "CTilde.VisualStudio", "editors\visualstudio\CTilde.VisualStudio\CTilde.VisualStudio.csproj", "{313EE553-5965-4445-9E22-CA2BCECF72DB}"
EndProject
Project("{FAE04EC0-301F-11D3-BF4B-00C04F79EFBC}") = "CTilde.VisualStudio.Tests", "editors\visualstudio\CTilde.VisualStudio.Tests\CTilde.VisualStudio.Tests.csproj", "{343D3D1E-9D46-47AF-AAF8-191EE25BFD2E}"
EndProject
Global
	GlobalSection(SolutionConfigurationPlatforms) = preSolution
		Debug|Any CPU = Debug|Any CPU
		Debug|x64 = Debug|x64
		Debug|x86 = Debug|x86
		Release|Any CPU = Release|Any CPU
		Release|x64 = Release|x64
		Release|x86 = Release|x86
	EndGlobalSection
	GlobalSection(ProjectConfigurationPlatforms) = postSolution
		{854525F7-B4D7-4AB0-B9A5-86EAAB0BA5A9}.Debug|Any CPU.ActiveCfg = Debug|Any CPU
		{854525F7-B4D7-4AB0-B9A5-86EAAB0BA5A9}.Debug|Any CPU.Build.0 = Debug|Any CPU
		{854525F7-B4D7-4AB0-B9A5-86EAAB0BA5A9}.Debug|x64.ActiveCfg = Debug|Any CPU
		{854525F7-B4D7-4AB0-B9A5-86EAAB0BA5A9}.Debug|x64.Build.0 = Debug|Any CPU
		{854525F7-B4D7-4AB0-B9A5-86EAAB0BA5A9}.Debug|x86.ActiveCfg = Debug|Any CPU
		{854525F7-B4D7-4AB0-B9A5-86EAAB0BA5A9}.Debug|x86.Build.0 = Debug|Any CPU
		{854525F7-B4D7-4AB0-B9A5-86EAAB0BA5A9}.Release|Any CPU.ActiveCfg = Release|Any CPU
		{854525F7-B4D7-4AB0-B9A5-86EAAB0BA5A9}.Release|Any CPU.Build.0 = Release|Any CPU
		{854525F7-B4D7-4AB0-B9A5-86EAAB0BA5A9}.Release|x64.ActiveCfg = Release|Any CPU
		{854525F7-B4D7-4AB0-B9A5-86EAAB0BA5A9}.Release|x64.Build.0 = Release|Any CPU
		{854525F7-B4D7-4AB0-B9A5-86EAAB0BA5A9}.Release|x86.ActiveCfg = Release|Any CPU
		{854525F7-B4D7-4AB0-B9A5-86EAAB0BA5A9}.Release|x86.Build.0 = Release|Any CPU
		{313EE553-5965-4445-9E22-CA2BCECF72DB}.Debug|Any CPU.ActiveCfg = Debug|Any CPU
		{313EE553-5965-4445-9E22-CA2BCECF72DB}.Debug|Any CPU.Build.0 = Debug|Any CPU
		{313EE553-5965-4445-9E22-CA2BCECF72DB}.Debug|x64.ActiveCfg = Debug|Any CPU
		{313EE553-5965-4445-9E22-CA2BCECF72DB}.Debug|x64.Build.0 = Debug|Any CPU
		{313EE553-5965-4445-9E22-CA2BCECF72DB}.Debug|x86.ActiveCfg = Debug|Any CPU
		{313EE553-5965-4445-9E22-CA2BCECF72DB}.Debug|x86.Build.0 = Debug|Any CPU
		{313EE553-5965-4445-9E22-CA2BCECF72DB}.Release|Any CPU.ActiveCfg = Release|Any CPU
		{313EE553-5965-4445-9E22-CA2BCECF72DB}.Release|Any CPU.Build.0 = Release|Any CPU
		{313EE553-5965-4445-9E22-CA2BCECF72DB}.Release|x64.ActiveCfg = Release|Any CPU
		{313EE553-5965-4445-9E22-CA2BCECF72DB}.Release|x64.Build.0 = Release|Any CPU
		{313EE553-5965-4445-9E22-CA2BCECF72DB}.Release|x86.ActiveCfg = Release|Any CPU
		{313EE553-5965-4445-9E22-CA2BCECF72DB}.Release|x86.Build.0 = Release|Any CPU
		{343D3D1E-9D46-47AF-AAF8-191EE25BFD2E}.Debug|Any CPU.ActiveCfg = Debug|Any CPU
		{343D3D1E-9D46-47AF-AAF8-191EE25BFD2E}.Debug|Any CPU.Build.0 = Debug|Any CPU
		{343D3D1E-9D46-47AF-AAF8-191EE25BFD2E}.Debug|x64.ActiveCfg = Debug|Any CPU
		{343D3D1E-9D46-47AF-AAF8-191EE25BFD2E}.Debug|x64.Build.0 = Debug|Any CPU
		{343D3D1E-9D46-47AF-AAF8-191EE25BFD2E}.Debug|x86.ActiveCfg = Debug|Any CPU
		{343D3D1E-9D46-47AF-AAF8-191EE25BFD2E}.Debug|x86.Build.0 = Debug|Any CPU
		{343D3D1E-9D46-47AF-AAF8-191EE25BFD2E}.Release|Any CPU.ActiveCfg = Release|Any CPU
		{343D3D1E-9D46-47AF-AAF8-191EE25BFD2E}.Release|Any CPU.Build.0 = Release|Any CPU
		{343D3D1E-9D46-47AF-AAF8-191EE25BFD2E}.Release|x64.ActiveCfg = Release|Any CPU
		{343D3D1E-9D46-47AF-AAF8-191EE25BFD2E}.Release|x64.Build.0 = Release|Any CPU
		{343D3D1E-9D46-47AF-AAF8-191EE25BFD2E}.Release|x86.ActiveCfg = Release|Any CPU
		{343D3D1E-9D46-47AF-AAF8-191EE25BFD2E}.Release|x86.Build.0 = Release|Any CPU
	EndGlobalSection
	GlobalSection(SolutionProperties) = preSolution
		HideSolutionNode = FALSE
	EndGlobalSection
EndGlobal
