Microsoft Visual Studio Solution File, Format Version 12.00
# Visual Studio Version 17
VisualStudioVersion = 17.0.31903.59
MinimumVisualStudioVersion = 10.0.40219.1
Project("{2150E333-8FDC-42A3-9474-1A3956D46DE8}") = "T-CAN", "T-CAN", "{4E0784B2-C9B9-4420-889F-14B231242281}"
EndProject
Project("{2150E333-8FDC-42A3-9474-1A3956D46DE8}") = "Language and hosted", "Language and hosted", "{4014AE7B-6E58-4921-8CB6-0B22158D36F8}"
EndProject
Project("{2150E333-8FDC-42A3-9474-1A3956D46DE8}") = "Systems targets", "Systems targets", "{27949550-CD6B-4BC4-A118-BB110E51F4CF}"
EndProject
Project("{2150E333-8FDC-42A3-9474-1A3956D46DE8}") = "Managed Modules", "Managed Modules", "{10BCEBBC-9F01-4275-96BE-C4139066B201}"
EndProject
Project("{97222C8D-C7C1-4F63-8C70-0798E354F6F0}") = "Hello", "examples\Hello\Hello.ctproj", "{73E2D7E3-D653-453F-B784-A684E283ACB8}"
EndProject
Project("{97222C8D-C7C1-4F63-8C70-0798E354F6F0}") = "Exceptions", "examples\Exceptions\Exceptions.ctproj", "{EC4DDD69-63BD-4743-9838-DFCF5D5715D5}"
EndProject
Project("{97222C8D-C7C1-4F63-8C70-0798E354F6F0}") = "Features", "examples\Features\Features.ctproj", "{67085719-11C3-447D-840C-BB3EC360B51D}"
EndProject
Project("{97222C8D-C7C1-4F63-8C70-0798E354F6F0}") = "Inline Assembly (WSL GCC)", "examples\InlineAssemblyWindows\InlineAssemblyWindows.ctproj", "{120F9149-E481-435D-89C2-B5B65C017D43}"
EndProject
Project("{97222C8D-C7C1-4F63-8C70-0798E354F6F0}") = "Object Model", "examples\ObjectModel\ObjectModel.ctproj", "{A163CA1D-81B8-44C6-BB9F-6A1CF87B2976}"
EndProject
Project("{97222C8D-C7C1-4F63-8C70-0798E354F6F0}") = "Standard Library", "examples\StandardLibrary\StandardLibrary.ctproj", "{28E96180-6312-4A2B-B59E-EF872AE24375}"
EndProject
Project("{97222C8D-C7C1-4F63-8C70-0798E354F6F0}") = "Cosmopolitan", "examples\Cosmopolitan\Cosmopolitan.ctproj", "{6D4ED961-D495-4980-9C9A-5F03DF587BC5}"
EndProject
Project("{97222C8D-C7C1-4F63-8C70-0798E354F6F0}") = "Freestanding", "examples\Freestanding\Freestanding.ctproj", "{BB065F34-9D17-43D8-9808-710B9ED1DF13}"
EndProject
Project("{97222C8D-C7C1-4F63-8C70-0798E354F6F0}") = "Hosted I/O", "examples\HostedIo\HostedIo.ctproj", "{5AD09E44-8D2B-4CA9-98F5-07CFFDD67BF0}"
EndProject
Project("{97222C8D-C7C1-4F63-8C70-0798E354F6F0}") = "QEMU Freestanding", "examples\QemuFreestanding\QemuFreestanding.ctproj", "{B823EC3A-416A-4676-A5BE-7656B230D59C}"
EndProject
Project("{97222C8D-C7C1-4F63-8C70-0798E354F6F0}") = "Hardware", "examples\TCan485\TCan485.Hardware.ctproj", "{4CD54149-3858-41D8-82BC-D49F144A6B90}"
EndProject
Project("{97222C8D-C7C1-4F63-8C70-0798E354F6F0}") = "QEMU ESP32", "examples\TCan485\TCan485.QemuEsp32.ctproj", "{61011E83-E222-434D-9F4B-175DEAE2F1F3}"
EndProject
Project("{97222C8D-C7C1-4F63-8C70-0798E354F6F0}") = "QEMU ESP32-C3", "examples\TCan485\TCan485.QemuEsp32C3.ctproj", "{6CFF1E49-AC3D-43B9-A008-35A85FC530DB}"
EndProject
Project("{97222C8D-C7C1-4F63-8C70-0798E354F6F0}") = "Language Tour", "examples\LanguageTour\LanguageTour.ctproj", "{6431CA54-1B56-4FB9-892F-43FA94A4FD3F}"
EndProject
Project("{97222C8D-C7C1-4F63-8C70-0798E354F6F0}") = "Collections and Geometry", "examples\CollectionsAndGeometry\CollectionsAndGeometry.ctproj", "{4EA90EA7-4314-4B95-9E0D-FBF649E92983}"
EndProject
Project("{97222C8D-C7C1-4F63-8C70-0798E354F6F0}") = "Hosted Native Import", "examples\HostedNativeImport\HostedNativeImport.ctproj", "{B49EB28F-9E95-4FD4-8601-3EFED6D02CE5}"
EndProject
Project("{97222C8D-C7C1-4F63-8C70-0798E354F6F0}") = "Managed Shell Firmware", "examples\ManagedShell\ManagedShell.ctproj", "{F9801B95-758B-4164-8381-66449BAE71BE}"
EndProject
Project("{97222C8D-C7C1-4F63-8C70-0798E354F6F0}") = "Managed Hello Module", "examples\ManagedShell\Modules\Hello\ManagedHello.ctproj", "{966E6BDF-DF2F-4D3F-B5B4-194708C47D31}"
EndProject
Global
	GlobalSection(SolutionConfigurationPlatforms) = preSolution
		Debug|Any CPU = Debug|Any CPU
		Debug|x64 = Debug|x64
		Debug|x86 = Debug|x86
		Release|Any CPU = Release|Any CPU
		Release|x64 = Release|x64
		Release|x86 = Release|x86
	EndGlobalSection
	GlobalSection(ProjectConfigurationPlatforms) = postSolution
		{73E2D7E3-D653-453F-B784-A684E283ACB8}.Debug|Any CPU.ActiveCfg = Debug|Any CPU
		{73E2D7E3-D653-453F-B784-A684E283ACB8}.Debug|x64.ActiveCfg = Debug|Any CPU
		{73E2D7E3-D653-453F-B784-A684E283ACB8}.Debug|x86.ActiveCfg = Debug|Any CPU
		{73E2D7E3-D653-453F-B784-A684E283ACB8}.Release|Any CPU.ActiveCfg = Release|Any CPU
		{73E2D7E3-D653-453F-B784-A684E283ACB8}.Release|x64.ActiveCfg = Release|Any CPU
		{73E2D7E3-D653-453F-B784-A684E283ACB8}.Release|x86.ActiveCfg = Release|Any CPU
		{EC4DDD69-63BD-4743-9838-DFCF5D5715D5}.Debug|Any CPU.ActiveCfg = Debug|Any CPU
		{EC4DDD69-63BD-4743-9838-DFCF5D5715D5}.Debug|x64.ActiveCfg = Debug|Any CPU
		{EC4DDD69-63BD-4743-9838-DFCF5D5715D5}.Debug|x86.ActiveCfg = Debug|Any CPU
		{EC4DDD69-63BD-4743-9838-DFCF5D5715D5}.Release|Any CPU.ActiveCfg = Release|Any CPU
		{EC4DDD69-63BD-4743-9838-DFCF5D5715D5}.Release|x64.ActiveCfg = Release|Any CPU
		{EC4DDD69-63BD-4743-9838-DFCF5D5715D5}.Release|x86.ActiveCfg = Release|Any CPU
		{67085719-11C3-447D-840C-BB3EC360B51D}.Debug|Any CPU.ActiveCfg = Debug|Any CPU
		{67085719-11C3-447D-840C-BB3EC360B51D}.Debug|x64.ActiveCfg = Debug|Any CPU
		{67085719-11C3-447D-840C-BB3EC360B51D}.Debug|x86.ActiveCfg = Debug|Any CPU
		{67085719-11C3-447D-840C-BB3EC360B51D}.Release|Any CPU.ActiveCfg = Release|Any CPU
		{67085719-11C3-447D-840C-BB3EC360B51D}.Release|x64.ActiveCfg = Release|Any CPU
		{67085719-11C3-447D-840C-BB3EC360B51D}.Release|x86.ActiveCfg = Release|Any CPU
		{120F9149-E481-435D-89C2-B5B65C017D43}.Debug|Any CPU.ActiveCfg = Debug|Any CPU
		{120F9149-E481-435D-89C2-B5B65C017D43}.Debug|x64.ActiveCfg = Debug|Any CPU
		{120F9149-E481-435D-89C2-B5B65C017D43}.Debug|x86.ActiveCfg = Debug|Any CPU
		{120F9149-E481-435D-89C2-B5B65C017D43}.Release|Any CPU.ActiveCfg = Release|Any CPU
		{120F9149-E481-435D-89C2-B5B65C017D43}.Release|x64.ActiveCfg = Release|Any CPU
		{120F9149-E481-435D-89C2-B5B65C017D43}.Release|x86.ActiveCfg = Release|Any CPU
		{A163CA1D-81B8-44C6-BB9F-6A1CF87B2976}.Debug|Any CPU.ActiveCfg = Debug|Any CPU
		{A163CA1D-81B8-44C6-BB9F-6A1CF87B2976}.Debug|x64.ActiveCfg = Debug|Any CPU
		{A163CA1D-81B8-44C6-BB9F-6A1CF87B2976}.Debug|x86.ActiveCfg = Debug|Any CPU
		{A163CA1D-81B8-44C6-BB9F-6A1CF87B2976}.Release|Any CPU.ActiveCfg = Release|Any CPU
		{A163CA1D-81B8-44C6-BB9F-6A1CF87B2976}.Release|x64.ActiveCfg = Release|Any CPU
		{A163CA1D-81B8-44C6-BB9F-6A1CF87B2976}.Release|x86.ActiveCfg = Release|Any CPU
		{28E96180-6312-4A2B-B59E-EF872AE24375}.Debug|Any CPU.ActiveCfg = Debug|Any CPU
		{28E96180-6312-4A2B-B59E-EF872AE24375}.Debug|x64.ActiveCfg = Debug|Any CPU
		{28E96180-6312-4A2B-B59E-EF872AE24375}.Debug|x86.ActiveCfg = Debug|Any CPU
		{28E96180-6312-4A2B-B59E-EF872AE24375}.Release|Any CPU.ActiveCfg = Release|Any CPU
		{28E96180-6312-4A2B-B59E-EF872AE24375}.Release|x64.ActiveCfg = Release|Any CPU
		{28E96180-6312-4A2B-B59E-EF872AE24375}.Release|x86.ActiveCfg = Release|Any CPU
		{6D4ED961-D495-4980-9C9A-5F03DF587BC5}.Debug|Any CPU.ActiveCfg = Debug|Any CPU
		{6D4ED961-D495-4980-9C9A-5F03DF587BC5}.Debug|x64.ActiveCfg = Debug|Any CPU
		{6D4ED961-D495-4980-9C9A-5F03DF587BC5}.Debug|x86.ActiveCfg = Debug|Any CPU
		{6D4ED961-D495-4980-9C9A-5F03DF587BC5}.Release|Any CPU.ActiveCfg = Release|Any CPU
		{6D4ED961-D495-4980-9C9A-5F03DF587BC5}.Release|x64.ActiveCfg = Release|Any CPU
		{6D4ED961-D495-4980-9C9A-5F03DF587BC5}.Release|x86.ActiveCfg = Release|Any CPU
		{BB065F34-9D17-43D8-9808-710B9ED1DF13}.Debug|Any CPU.ActiveCfg = Debug|Any CPU
		{BB065F34-9D17-43D8-9808-710B9ED1DF13}.Debug|x64.ActiveCfg = Debug|Any CPU
		{BB065F34-9D17-43D8-9808-710B9ED1DF13}.Debug|x86.ActiveCfg = Debug|Any CPU
		{BB065F34-9D17-43D8-9808-710B9ED1DF13}.Release|Any CPU.ActiveCfg = Release|Any CPU
		{BB065F34-9D17-43D8-9808-710B9ED1DF13}.Release|x64.ActiveCfg = Release|Any CPU
		{BB065F34-9D17-43D8-9808-710B9ED1DF13}.Release|x86.ActiveCfg = Release|Any CPU
		{5AD09E44-8D2B-4CA9-98F5-07CFFDD67BF0}.Debug|Any CPU.ActiveCfg = Debug|Any CPU
		{5AD09E44-8D2B-4CA9-98F5-07CFFDD67BF0}.Debug|x64.ActiveCfg = Debug|Any CPU
		{5AD09E44-8D2B-4CA9-98F5-07CFFDD67BF0}.Debug|x86.ActiveCfg = Debug|Any CPU
		{5AD09E44-8D2B-4CA9-98F5-07CFFDD67BF0}.Release|Any CPU.ActiveCfg = Release|Any CPU
		{5AD09E44-8D2B-4CA9-98F5-07CFFDD67BF0}.Release|x64.ActiveCfg = Release|Any CPU
		{5AD09E44-8D2B-4CA9-98F5-07CFFDD67BF0}.Release|x86.ActiveCfg = Release|Any CPU
		{B823EC3A-416A-4676-A5BE-7656B230D59C}.Debug|Any CPU.ActiveCfg = Debug|Any CPU
		{B823EC3A-416A-4676-A5BE-7656B230D59C}.Debug|x64.ActiveCfg = Debug|Any CPU
		{B823EC3A-416A-4676-A5BE-7656B230D59C}.Debug|x86.ActiveCfg = Debug|Any CPU
		{B823EC3A-416A-4676-A5BE-7656B230D59C}.Release|Any CPU.ActiveCfg = Release|Any CPU
		{B823EC3A-416A-4676-A5BE-7656B230D59C}.Release|x64.ActiveCfg = Release|Any CPU
		{B823EC3A-416A-4676-A5BE-7656B230D59C}.Release|x86.ActiveCfg = Release|Any CPU
		{4CD54149-3858-41D8-82BC-D49F144A6B90}.Debug|Any CPU.ActiveCfg = Debug|Any CPU
		{4CD54149-3858-41D8-82BC-D49F144A6B90}.Debug|x64.ActiveCfg = Debug|Any CPU
		{4CD54149-3858-41D8-82BC-D49F144A6B90}.Debug|x86.ActiveCfg = Debug|Any CPU
		{4CD54149-3858-41D8-82BC-D49F144A6B90}.Release|Any CPU.ActiveCfg = Release|Any CPU
		{4CD54149-3858-41D8-82BC-D49F144A6B90}.Release|x64.ActiveCfg = Release|Any CPU
		{4CD54149-3858-41D8-82BC-D49F144A6B90}.Release|x86.ActiveCfg = Release|Any CPU
		{61011E83-E222-434D-9F4B-175DEAE2F1F3}.Debug|Any CPU.ActiveCfg = Debug|Any CPU
		{61011E83-E222-434D-9F4B-175DEAE2F1F3}.Debug|x64.ActiveCfg = Debug|Any CPU
		{61011E83-E222-434D-9F4B-175DEAE2F1F3}.Debug|x86.ActiveCfg = Debug|Any CPU
		{61011E83-E222-434D-9F4B-175DEAE2F1F3}.Release|Any CPU.ActiveCfg = Release|Any CPU
		{61011E83-E222-434D-9F4B-175DEAE2F1F3}.Release|x64.ActiveCfg = Release|Any CPU
		{61011E83-E222-434D-9F4B-175DEAE2F1F3}.Release|x86.ActiveCfg = Release|Any CPU
		{6CFF1E49-AC3D-43B9-A008-35A85FC530DB}.Debug|Any CPU.ActiveCfg = Debug|Any CPU
		{6CFF1E49-AC3D-43B9-A008-35A85FC530DB}.Debug|x64.ActiveCfg = Debug|Any CPU
		{6CFF1E49-AC3D-43B9-A008-35A85FC530DB}.Debug|x86.ActiveCfg = Debug|Any CPU
		{6CFF1E49-AC3D-43B9-A008-35A85FC530DB}.Release|Any CPU.ActiveCfg = Release|Any CPU
		{6CFF1E49-AC3D-43B9-A008-35A85FC530DB}.Release|x64.ActiveCfg = Release|Any CPU
		{6CFF1E49-AC3D-43B9-A008-35A85FC530DB}.Release|x86.ActiveCfg = Release|Any CPU
		{6431CA54-1B56-4FB9-892F-43FA94A4FD3F}.Debug|Any CPU.ActiveCfg = Debug|Any CPU
		{6431CA54-1B56-4FB9-892F-43FA94A4FD3F}.Debug|x64.ActiveCfg = Debug|Any CPU
		{6431CA54-1B56-4FB9-892F-43FA94A4FD3F}.Debug|x86.ActiveCfg = Debug|Any CPU
		{6431CA54-1B56-4FB9-892F-43FA94A4FD3F}.Release|Any CPU.ActiveCfg = Release|Any CPU
		{6431CA54-1B56-4FB9-892F-43FA94A4FD3F}.Release|x64.ActiveCfg = Release|Any CPU
		{6431CA54-1B56-4FB9-892F-43FA94A4FD3F}.Release|x86.ActiveCfg = Release|Any CPU
		{4EA90EA7-4314-4B95-9E0D-FBF649E92983}.Debug|Any CPU.ActiveCfg = Debug|Any CPU
		{4EA90EA7-4314-4B95-9E0D-FBF649E92983}.Debug|x64.ActiveCfg = Debug|Any CPU
		{4EA90EA7-4314-4B95-9E0D-FBF649E92983}.Debug|x86.ActiveCfg = Debug|Any CPU
		{4EA90EA7-4314-4B95-9E0D-FBF649E92983}.Release|Any CPU.ActiveCfg = Release|Any CPU
		{4EA90EA7-4314-4B95-9E0D-FBF649E92983}.Release|x64.ActiveCfg = Release|Any CPU
		{4EA90EA7-4314-4B95-9E0D-FBF649E92983}.Release|x86.ActiveCfg = Release|Any CPU
		{B49EB28F-9E95-4FD4-8601-3EFED6D02CE5}.Debug|Any CPU.ActiveCfg = Debug|Any CPU
		{B49EB28F-9E95-4FD4-8601-3EFED6D02CE5}.Debug|x64.ActiveCfg = Debug|Any CPU
		{B49EB28F-9E95-4FD4-8601-3EFED6D02CE5}.Debug|x86.ActiveCfg = Debug|Any CPU
		{B49EB28F-9E95-4FD4-8601-3EFED6D02CE5}.Release|Any CPU.ActiveCfg = Release|Any CPU
		{B49EB28F-9E95-4FD4-8601-3EFED6D02CE5}.Release|x64.ActiveCfg = Release|Any CPU
		{B49EB28F-9E95-4FD4-8601-3EFED6D02CE5}.Release|x86.ActiveCfg = Release|Any CPU
		{F9801B95-758B-4164-8381-66449BAE71BE}.Debug|Any CPU.ActiveCfg = Debug|Any CPU
		{F9801B95-758B-4164-8381-66449BAE71BE}.Debug|x64.ActiveCfg = Debug|Any CPU
		{F9801B95-758B-4164-8381-66449BAE71BE}.Debug|x86.ActiveCfg = Debug|Any CPU
		{F9801B95-758B-4164-8381-66449BAE71BE}.Release|Any CPU.ActiveCfg = Release|Any CPU
		{F9801B95-758B-4164-8381-66449BAE71BE}.Release|x64.ActiveCfg = Release|Any CPU
		{F9801B95-758B-4164-8381-66449BAE71BE}.Release|x86.ActiveCfg = Release|Any CPU
		{966E6BDF-DF2F-4D3F-B5B4-194708C47D31}.Debug|Any CPU.ActiveCfg = Debug|Any CPU
		{966E6BDF-DF2F-4D3F-B5B4-194708C47D31}.Debug|x64.ActiveCfg = Debug|Any CPU
		{966E6BDF-DF2F-4D3F-B5B4-194708C47D31}.Debug|x86.ActiveCfg = Debug|Any CPU
		{966E6BDF-DF2F-4D3F-B5B4-194708C47D31}.Release|Any CPU.ActiveCfg = Release|Any CPU
		{966E6BDF-DF2F-4D3F-B5B4-194708C47D31}.Release|x64.ActiveCfg = Release|Any CPU
		{966E6BDF-DF2F-4D3F-B5B4-194708C47D31}.Release|x86.ActiveCfg = Release|Any CPU
	EndGlobalSection
	GlobalSection(SolutionProperties) = preSolution
		HideSolutionNode = FALSE
	EndGlobalSection
	GlobalSection(NestedProjects) = preSolution
		{73E2D7E3-D653-453F-B784-A684E283ACB8} = {4014AE7B-6E58-4921-8CB6-0B22158D36F8}
		{EC4DDD69-63BD-4743-9838-DFCF5D5715D5} = {4014AE7B-6E58-4921-8CB6-0B22158D36F8}
		{67085719-11C3-447D-840C-BB3EC360B51D} = {4014AE7B-6E58-4921-8CB6-0B22158D36F8}
		{A163CA1D-81B8-44C6-BB9F-6A1CF87B2976} = {4014AE7B-6E58-4921-8CB6-0B22158D36F8}
		{28E96180-6312-4A2B-B59E-EF872AE24375} = {4014AE7B-6E58-4921-8CB6-0B22158D36F8}
		{5AD09E44-8D2B-4CA9-98F5-07CFFDD67BF0} = {4014AE7B-6E58-4921-8CB6-0B22158D36F8}
		{6431CA54-1B56-4FB9-892F-43FA94A4FD3F} = {4014AE7B-6E58-4921-8CB6-0B22158D36F8}
		{4EA90EA7-4314-4B95-9E0D-FBF649E92983} = {4014AE7B-6E58-4921-8CB6-0B22158D36F8}
		{B49EB28F-9E95-4FD4-8601-3EFED6D02CE5} = {4014AE7B-6E58-4921-8CB6-0B22158D36F8}
		{120F9149-E481-435D-89C2-B5B65C017D43} = {27949550-CD6B-4BC4-A118-BB110E51F4CF}
		{6D4ED961-D495-4980-9C9A-5F03DF587BC5} = {27949550-CD6B-4BC4-A118-BB110E51F4CF}
		{BB065F34-9D17-43D8-9808-710B9ED1DF13} = {27949550-CD6B-4BC4-A118-BB110E51F4CF}
		{B823EC3A-416A-4676-A5BE-7656B230D59C} = {27949550-CD6B-4BC4-A118-BB110E51F4CF}
		{F9801B95-758B-4164-8381-66449BAE71BE} = {10BCEBBC-9F01-4275-96BE-C4139066B201}
		{966E6BDF-DF2F-4D3F-B5B4-194708C47D31} = {10BCEBBC-9F01-4275-96BE-C4139066B201}
		{4CD54149-3858-41D8-82BC-D49F144A6B90} = {4E0784B2-C9B9-4420-889F-14B231242281}
		{61011E83-E222-434D-9F4B-175DEAE2F1F3} = {4E0784B2-C9B9-4420-889F-14B231242281}
		{6CFF1E49-AC3D-43B9-A008-35A85FC530DB} = {4E0784B2-C9B9-4420-889F-14B231242281}
	EndGlobalSection
EndGlobal
